// !$*UTF8*$!
{
	archiveVersion = 1;
	classes = {
	};
	objectVersion = 77;
	objects = {

/* Begin PBXContainerItemProxy section */
		05DF9A712CD9C8B900DEC1D4 /* PBXContainerItemProxy */ = {
			isa = PBXContainerItemProxy;
			containerPortal = 05DF9A582CD9C8B900DEC1D4 /* Project object */;
			proxyType = 1;
			remoteGlobalIDString = 05DF9A5F2CD9C8B900DEC1D4;
			remoteInfo = FPL;
		};
		05DF9A7B2CD9C8B900DEC1D4 /* PBXContainerItemProxy */ = {
			isa = PBXContainerItemProxy;
			containerPortal = 05DF9A582CD9C8B900DEC1D4 /* Project object */;
			proxyType = 1;
			remoteGlobalIDString = 05DF9A5F2CD9C8B900DEC1D4;
			remoteInfo = FPL;
		};
/* End PBXContainerItemProxy section */

/* Begin PBXFileReference section */
		05DF9A602CD9C8B900DEC1D4 /* FPL.app */ = {isa = PBXFileReference; explicitFileType = wrapper.application; includeInIndex = 0; path = FPL.app; sourceTree = BUILT_PRODUCTS_DIR; };
		05DF9A702CD9C8B900DEC1D4 /* FPLTests.xctest */ = {isa = PBXFileReference; explicitFileType = wrapper.cfbundle; includeInIndex = 0; path = FPLTests.xctest; sourceTree = BUILT_PRODUCTS_DIR; };
		05DF9A7A2CD9C8B900DEC1D4 /* FPLUITests.xctest */ = {isa = PBXFileReference; explicitFileType = wrapper.cfbundle; includeInIndex = 0; path = FPLUITests.xctest; sourceTree = BUILT_PRODUCTS_DIR; };
/* End PBXFileReference section */

/* Begin PBXFileSystemSynchronizedBuildFileExceptionSet section */
		05DF9ABC2CFFE30300DEC1D4 /* Exceptions for "FPL" folder in "FPL" target */ = {
			isa = PBXFileSystemSynchronizedBuildFileExceptionSet;
			membershipExceptions = (
				Info.plist,
			);
			target = 05DF9A5F2CD9C8B900DEC1D4 /* FPL */;
		};
/* End PBXFileSystemSynchronizedBuildFileExceptionSet section */

/* Begin PBXFileSystemSynchronizedRootGroup section */
		05DF9A622CD9C8B900DEC1D4 /* FPL */ = {
			isa = PBXFileSystemSynchronizedRootGroup;
			exceptions = (
				05DF9ABC2CFFE30300DEC1D4 /* Exceptions for "FPL" folder in "FPL" target */,
			);
			path = FPL;
			sourceTree = "<group>";
		};
		05DF9A732CD9C8B900DEC1D4 /* FPLTests */ = {
			isa = PBXFileSystemSynchronizedRootGroup;
			path = FPLTests;
			sourceTree = "<group>";
		};
		05DF9A7D2CD9C8B900DEC1D4 /* FPLUITests */ = {
			isa = PBXFileSystemSynchronizedRootGroup;
			path = FPLUITests;
			sourceTree = "<group>";
		};
/* End PBXFileSystemSynchronizedRootGroup section */

/* Begin PBXFrameworksBuildPhase section */
		05DF9A5D2CD9C8B900DEC1D4 /* Frameworks */ = {
			isa = PBXFrameworksBuildPhase;
			buildActionMask = 2147483647;
			files = (
			);
			runOnlyForDeploymentPostprocessing = 0;
		};
		05DF9A6D2CD9C8B900DEC1D4 /* Frameworks */ = {
			isa = PBXFrameworksBuildPhase;
			buildActionMask = 2147483647;
			files = (
			);
			runOnlyForDeploymentPostprocessing = 0;
		};
		05DF9A772CD9C8B900DEC1D4 /* Frameworks */ = {
			isa = PBXFrameworksBuildPhase;
			buildActionMask = 2147483647;
			files = (
			);
			runOnlyForDeploymentPostprocessing = 0;
		};
/* End PBXFrameworksBuildPhase section */

/* Begin PBXGroup section */
		05DF9A572CD9C8B900DEC1D4 = {
			isa = PBXGroup;
			children = (
				05DF9A622CD9C8B900DEC1D4 /* FPL */,
				05DF9A732CD9C8B900DEC1D4 /* FPLTests */,
				05DF9A7D2CD9C8B900DEC1D4 /* FPLUITests */,
				05DF9A612CD9C8B900DEC1D4 /* Products */,
			);
			sourceTree = "<group>";
		};
		05DF9A612CD9C8B900DEC1D4 /* Products */ = {
			isa = PBXGroup;
			children = (
				05DF9A602CD9C8B900DEC1D4 /* FPL.app */,
				05DF9A702CD9C8B900DEC1D4 /* FPLTests.xctest */,
				05DF9A7A2CD9C8B900DEC1D4 /* FPLUITests.xctest */,
			);
			name = Products;
			sourceTree = "<group>";
		};
/* End PBXGroup section */

/* Begin PBXNativeTarget section */
		05DF9A5F2CD9C8B900DEC1D4 /* FPL */ = {
			isa = PBXNativeTarget;
			buildConfigurationList = 05DF9A842CD9C8BA00DEC1D4 /* Build configuration list for PBXNativeTarget "FPL" */;
			buildPhases = (
				05DF9A5C2CD9C8B900DEC1D4 /* Sources */,
				05DF9A5D2CD9C8B900DEC1D4 /* Frameworks */,
				05DF9A5E2CD9C8B900DEC1D4 /* Resources */,
			);
			buildRules = (
			);
			dependencies = (
			);
			fileSystemSynchronizedGroups = (
				05DF9A622CD9C8B900DEC1D4 /* FPL */,
			);
			name = FPL;
			packageProductDependencies = (
			);
			productName = FPL;
			productReference = 05DF9A602CD9C8B900DEC1D4 /* FPL.app */;
			productType = "com.apple.product-type.application";
		};
		05DF9A6F2CD9C8B900DEC1D4 /* FPLTests */ = {
			isa = PBXNativeTarget;
			buildConfigurationList = 05DF9A872CD9C8BA00DEC1D4 /* Build configuration list for PBXNativeTarget "FPLTests" */;
			buildPhases = (
				05DF9A6C2CD9C8B900DEC1D4 /* Sources */,
				05DF9A6D2CD9C8B900DEC1D4 /* Frameworks */,
				05DF9A6E2CD9C8B900DEC1D4 /* Resources */,
			);
			buildRules = (
			);
			dependencies = (
				05DF9A722CD9C8B900DEC1D4 /* PBXTargetDependency */,
			);
			fileSystemSynchronizedGroups = (
				05DF9A732CD9C8B900DEC1D4 /* FPLTests */,
			);
			name = FPLTests;
			packageProductDependencies = (
			);
			productName = FPLTests;
			productReference = 05DF9A702CD9C8B900DEC1D4 /* FPLTests.xctest */;
			productType = "com.apple.product-type.bundle.unit-test";
		};
		05DF9A792CD9C8B900DEC1D4 /* FPLUITests */ = {
			isa = PBXNativeTarget;
			buildConfigurationList = 05DF9A8A2CD9C8BA00DEC1D4 /* Build configuration list for PBXNativeTarget "FPLUITests" */;
			buildPhases = (
				05DF9A762CD9C8B900DEC1D4 /* Sources */,
				05DF9A772CD9C8B900DEC1D4 /* Frameworks */,
				05DF9A782CD9C8B900DEC1D4 /* Resources */,
			);
			buildRules = (
			);
			dependencies = (
				05DF9A7C2CD9C8B900DEC1D4 /* PBXTargetDependency */,
			);
			fileSystemSynchronizedGroups = (
				05DF9A7D2CD9C8B900DEC1D4 /* FPLUITests */,
			);
			name = FPLUITests;
			packageProductDependencies = (
			);
			productName = FPLUITests;
			productReference = 05DF9A7A2CD9C8B900DEC1D4 /* FPLUITests.xctest */;
			productType = "com.apple.product-type.bundle.ui-testing";
		};
/* End PBXNativeTarget section */

/* Begin PBXProject section */
		05DF9A582CD9C8B900DEC1D4 /* Project object */ = {
			isa = PBXProject;
			attributes = {
				BuildIndependentTargetsInParallel = 1;
				LastSwiftUpdateCheck = 1600;
				LastUpgradeCheck = 1600;
				TargetAttributes = {
					05DF9A5F2CD9C8B900DEC1D4 = {
						CreatedOnToolsVersion = 16.0;
					};
					05DF9A6F2CD9C8B900DEC1D4 = {
						CreatedOnToolsVersion = 16.0;
						TestTargetID = 05DF9A5F2CD9C8B900DEC1D4;
					};
					05DF9A792CD9C8B900DEC1D4 = {
						CreatedOnToolsVersion = 16.0;
						TestTargetID = 05DF9A5F2CD9C8B900DEC1D4;
					};
				};
			};
			buildConfigurationList = 05DF9A5B2CD9C8B900DEC1D4 /* Build configuration list for PBXProject "FPL" */;
			developmentRegion = en;
			hasScannedForEncodings = 0;
			knownRegions = (
				en,
				Base,
			);
			mainGroup = 05DF9A572CD9C8B900DEC1D4;
			minimizedProjectReferenceProxies = 1;
			preferredProjectObjectVersion = 77;
			productRefGroup = 05DF9A612CD9C8B900DEC1D4 /* Products */;
			projectDirPath = "";
			projectRoot = "";
			targets = (
				05DF9A5F2CD9C8B900DEC1D4 /* FPL */,
				05DF9A6F2CD9C8B900DEC1D4 /* FPLTests */,
				05DF9A792CD9C8B900DEC1D4 /* FPLUITests */,
			);
		};
/* End PBXProject section */

/* Begin PBXResourcesBuildPhase section */
		05DF9A5E2CD9C8B900DEC1D4 /* Resources */ = {
			isa = PBXResourcesBuildPhase;
			buildActionMask = 2147483647;
			files = (
			);
			runOnlyForDeploymentPostprocessing = 0;
		};
		05DF9A6E2CD9C8B900DEC1D4 /* Resources */ = {
			isa = PBXResourcesBuildPhase;
			buildActionMask = 2147483647;
			files = (
			);
			runOnlyForDeploymentPostprocessing = 0;
		};
		05DF9A782CD9C8B900DEC1D4 /* Resources */ = {
			isa = PBXResourcesBuildPhase;
			buildActionMask = 2147483647;
			files = (
			);
			runOnlyForDeploymentPostprocessing = 0;
		};
/* End PBXResourcesBuildPhase section */

/* Begin PBXSourcesBuildPhase section */
		05DF9A5C2CD9C8B900DEC1D4 /* Sources */ = {
			isa = PBXSourcesBuildPhase;
			buildActionMask = 2147483647;
			files = (
			);
			runOnlyForDeploymentPostprocessing = 0;
		};
		05DF9A6C2CD9C8B900DEC1D4 /* Sources */ = {
			isa = PBXSourcesBuildPhase;
			buildActionMask = 2147483647;
			files = (
			);
			runOnlyForDeploymentPostprocessing = 0;
		};
		05DF9A762CD9C8B900DEC1D4 /* Sources */ = {
			isa = PBXSourcesBuildPhase;
			buildActionMask = 2147483647;
			files = (
			);
			runOnlyForDeploymentPostprocessing = 0;
		};
/* End PBXSourcesBuildPhase section */

/* Begin PBXTargetDependency section */
		05DF9A722CD9C8B900DEC1D4 /* PBXTargetDependency */ = {
			isa = PBXTargetDependency;
			target = 05DF9A5F2CD9C8B900DEC1D4 /* FPL */;
			targetProxy = 05DF9A712CD9C8B900DEC1D4 /* PBXContainerItemProxy */;
		};
		05DF9A7C2CD9C8B900DEC1D4 /* PBXTargetDependency */ = {
			isa = PBXTargetDependency;
			target = 05DF9A5F2CD9C8B900DEC1D4 /* FPL */;
			targetProxy = 05DF9A7B2CD9C8B900DEC1D4 /* PBXContainerItemProxy */;
		};
/* End PBXTargetDependency section */

/* Begin XCBuildConfiguration section */
		05DF9A822CD9C8BA00DEC1D4 /* Debug */ = {
			isa = XCBuildConfiguration;
			buildSettings = {
				ALWAYS_SEARCH_USER_PATHS = NO;
				ASSETCATALOG_COMPILER_GENERATE_SWIFT_ASSET_SYMBOL_EXTENSIONS = YES;
				CLANG_ANALYZER_NONNULL = YES;
				CLANG_ANALYZER_NUMBER_OBJECT_CONVERSION = YES_AGGRESSIVE;
				CLANG_CXX_LANGUAGE_STANDARD = "gnu++20";
				CLANG_ENABLE_MODULES = YES;
				CLANG_ENABLE_OBJC_ARC = YES;
				CLANG_ENABLE_OBJC_WEAK = YES;
				CLANG_WARN_BLOCK_CAPTURE_AUTORELEASING = YES;
				CLANG_WARN_BOOL_CONVERSION = YES;
				CLANG_WARN_COMMA = YES;
				CLANG_WARN_CONSTANT_CONVERSION = YES;
				CLANG_WARN_DEPRECATED_OBJC_IMPLEMENTATIONS = YES;
				CLANG_WARN_DIRECT_OBJC_ISA_USAGE = YES_ERROR;
				CLANG_WARN_DOCUMENTATION_COMMENTS = YES;
				CLANG_WARN_EMPTY_BODY = YES;
				CLANG_WARN_ENUM_CONVERSION = YES;
				CLANG_WARN_INFINITE_RECURSION = YES;
				CLANG_WARN_INT_CONVERSION = YES;
				CLANG_WARN_NON_LITERAL_NULL_CONVERSION = YES;
				CLANG_WARN_OBJC_IMPLICIT_RETAIN_SELF = YES;
				CLANG_WARN_OBJC_LITERAL_CONVERSION = YES;
				CLANG_WARN_OBJC_ROOT_CLASS = YES_ERROR;
				CLANG_WARN_QUOTED_INCLUDE_IN_FRAMEWORK_HEADER = YES;
				CLANG_WARN_RANGE_LOOP_ANALYSIS = YES;
				CLANG_WARN_STRICT_PROTOTYPES = YES;
				CLANG_WARN_SUSPICIOUS_MOVE = YES;
				CLANG_WARN_UNGUARDED_AVAILABILITY = YES_AGGRESSIVE;
				CLANG_WARN_UNREACHABLE_CODE = YES;
				CLANG_WARN__DUPLICATE_METHOD_MATCH = YES;
				COPY_PHASE_STRIP = NO;
				DEBUG_INFORMATION_FORMAT = dwarf;
				ENABLE_STRICT_OBJC_MSGSEND = YES;
				ENABLE_TESTABILITY = YES;
				ENABLE_USER_SCRIPT_SANDBOXING = YES;
				GCC_C_LANGUAGE_STANDARD = gnu17;
				GCC_DYNAMIC_NO_PIC = NO;
				GCC_NO_COMMON_BLOCKS = YES;
				GCC_OPTIMIZATION_LEVEL = 0;
				GCC_PREPROCESSOR_DEFINITIONS = (
					"DEBUG=1",
					"$(inherited)",
				);
				GCC_WARN_64_TO_32_BIT_CONVERSION = YES;
				GCC_WARN_ABOUT_RETURN_TYPE = YES_ERROR;
				GCC_WARN_UNDECLARED_SELECTOR = YES;
				GCC_WARN_UNINITIALIZED_AUTOS = YES_AGGRESSIVE;
				GCC_WARN_UNUSED_FUNCTION = YES;
				GCC_WARN_UNUSED_VARIABLE = YES;
				IPHONEOS_DEPLOYMENT_TARGET = 18.0;
				LOCALIZATION_PREFERS_STRING_CATALOGS = YES;
				MTL_ENABLE_DEBUG_INFO = INCLUDE_SOURCE;
				MTL_FAST_MATH = YES;
				ONLY_ACTIVE_ARCH = YES;
				SDKROOT = iphoneos;
				SWIFT_ACTIVE_COMPILATION_CONDITIONS = "DEBUG $(inherited)";
				SWIFT_OPTIMIZATION_LEVEL = "-Onone";
			};
			name = Debug;
		};
		05DF9A832CD9C8BA00DEC1D4 /* Release */ = {
			isa = XCBuildConfiguration;
			buildSettings = {
				ALWAYS_SEARCH_USER_PATHS = NO;
				ASSETCATALOG_COMPILER_GENERATE_SWIFT_ASSET_SYMBOL_EXTENSIONS = YES;
				CLANG_ANALYZER_NONNULL = YES;
				CLANG_ANALYZER_NUMBER_OBJECT_CONVERSION = YES_AGGRESSIVE;
				CLANG_CXX_LANGUAGE_STANDARD = "gnu++20";
				CLANG_ENABLE_MODULES = YES;
				CLANG_ENABLE_OBJC_ARC = YES;
				CLANG_ENABLE_OBJC_WEAK = YES;
				CLANG_WARN_BLOCK_CAPTURE_AUTORELEASING = YES;
				CLANG_WARN_BOOL_CONVERSION = YES;
				CLANG_WARN_COMMA = YES;
				CLANG_WARN_CONSTANT_CONVERSION = YES;
				CLANG_WARN_DEPRECATED_OBJC_IMPLEMENTATIONS = YES;
				CLANG_WARN_DIRECT_OBJC_ISA_USAGE = YES_ERROR;
				CLANG_WARN_DOCUMENTATION_COMMENTS = YES;
				CLANG_WARN_EMPTY_BODY = YES;
				CLANG_WARN_ENUM_CONVERSION = YES;
				CLANG_WARN_INFINITE_RECURSION = YES;
				CLANG_WARN_INT_CONVERSION = YES;
				CLANG_WARN_NON_LITERAL_NULL_CONVERSION = YES;
				CLANG_WARN_OBJC_IMPLICIT_RETAIN_SELF = YES;
				CLANG_WARN_OBJC_LITERAL_CONVERSION = YES;
				CLANG_WARN_OBJC_ROOT_CLASS = YES_ERROR;
				CLANG_WARN_QUOTED_INCLUDE_IN_FRAMEWORK_HEADER = YES;
				CLANG_WARN_RANGE_LOOP_ANALYSIS = YES;
				CLANG_WARN_STRICT_PROTOTYPES = YES;
				CLANG_WARN_SUSPICIOUS_MOVE = YES;
				CLANG_WARN_UNGUARDED_AVAILABILITY = YES_AGGRESSIVE;
				CLANG_WARN_UNREACHABLE_CODE = YES;
				CLANG_WARN__DUPLICATE_METHOD_MATCH = YES;
				COPY_PHASE_STRIP = NO;
				DEBUG_INFORMATION_FORMAT = "dwarf-with-dsym";
				ENABLE_NS_ASSERTIONS = NO;
				ENABLE_STRICT_OBJC_MSGSEND = YES;
				ENABLE_USER_SCRIPT_SANDBOXING = YES;
				GCC_C_LANGUAGE_STANDARD = gnu17;
				GCC_NO_COMMON_BLOCKS = YES;
				GCC_WARN_64_TO_32_BIT_CONVERSION = YES;
				GCC_WARN_ABOUT_RETURN_TYPE = YES_ERROR;
				GCC_WARN_UNDECLARED_SELECTOR = YES;
				GCC_WARN_UNINITIALIZED_AUTOS = YES_AGGRESSIVE;
				GCC_WARN_UNUSED_FUNCTION = YES;
				GCC_WARN_UNUSED_VARIABLE = YES;
				IPHONEOS_DEPLOYMENT_TARGET = 18.0;
				LOCALIZATION_PREFERS_STRING_CATALOGS = YES;
				MTL_ENABLE_DEBUG_INFO = NO;
				MTL_FAST_MATH = YES;
				SDKROOT = iphoneos;
				SWIFT_COMPILATION_MODE = wholemodule;
				VALIDATE_PRODUCT = YES;
			};
			name = Release;
		};
		05DF9A852CD9C8BA00DEC1D4 /* Debug */ = {
			isa = XCBuildConfiguration;
			buildSettings = {
				ASSETCATALOG_COMPILER_APPICON_NAME = AppIcon;
				ASSETCATALOG_COMPILER_GLOBAL_ACCENT_COLOR_NAME = AccentColor;
				CODE_SIGN_IDENTITY = "Apple Development";
				CODE_SIGN_STYLE = Automatic;
				CURRENT_PROJECT_VERSION = 1;
				DEVELOPMENT_ASSET_PATHS = "\"FPL/Preview Content\"";
				DEVELOPMENT_TEAM = "";
				ENABLE_PREVIEWS = YES;
				GENERATE_INFOPLIST_FILE = YES;
				INFOPLIST_FILE = FPL/Info.plist;
				INFOPLIST_KEY_UIApplicationSceneManifest_Generation = YES;
				INFOPLIST_KEY_UIApplicationSupportsIndirectInputEvents = YES;
				INFOPLIST_KEY_UILaunchScreen_Generation = YES;
				INFOPLIST_KEY_UISupportedInterfaceOrientations_iPad = "UIInterfaceOrientationPortrait UIInterfaceOrientationPortraitUpsideDown UIInterfaceOrientationLandscapeLeft UIInterfaceOrientationLandscapeRight";
				INFOPLIST_KEY_UISupportedInterfaceOrientations_iPhone = "UIInterfaceOrientationPortrait UIInterfaceOrientationLandscapeLeft UIInterfaceOrientationLandscapeRight";
				LD_RUNPATH_SEARCH_PATHS = (
					"$(inherited)",
					"@executable_path/Frameworks",
				);
				MARKETING_VERSION = 1.0;
				PRODUCT_BUNDLE_IDENTIFIER = rafael.lopez.FPL;
				PRODUCT_NAME = "$(TARGET_NAME)";
				PROVISIONING_PROFILE_SPECIFIER = "";
				SWIFT_EMIT_LOC_STRINGS = YES;
				SWIFT_VERSION = 5.0;
				TARGETED_DEVICE_FAMILY = "1,2";
			};
			name = Debug;
		};
		05DF9A862CD9C8BA00DEC1D4 /* Release */ = {
			isa = XCBuildConfiguration;
			buildSettings = {
				ASSETCATALOG_COMPILER_APPICON_NAME = AppIcon;
				ASSETCATALOG_COMPILER_GLOBAL_ACCENT_COLOR_NAME = AccentColor;
				CODE_SIGN_IDENTITY = "Apple Development";
				CODE_SIGN_STYLE = Automatic;
				CURRENT_PROJECT_VERSION = 1;
				DEVELOPMENT_ASSET_PATHS = "\"FPL/Preview Content\"";
				DEVELOPMENT_TEAM = "";
				ENABLE_PREVIEWS = YES;
				GENERATE_INFOPLIST_FILE = YES;
				INFOPLIST_FILE = FPL/Info.plist;
				INFOPLIST_KEY_UIApplicationSceneManifest_Generation = YES;
				INFOPLIST_KEY_UIApplicationSupportsIndirectInputEvents = YES;
				INFOPLIST_KEY_UILaunchScreen_Generation = YES;
				INFOPLIST_KEY_UISupportedInterfaceOrientations_iPad = "UIInterfaceOrientationPortrait UIInterfaceOrientationPortraitUpsideDown UIInterfaceOrientationLandscapeLeft UIInterfaceOrientationLandscapeRight";
				INFOPLIST_KEY_UISupportedInterfaceOrientations_iPhone = "UIInterfaceOrientationPortrait UIInterfaceOrientationLandscapeLeft UIInterfaceOrientationLandscapeRight";
				LD_RUNPATH_SEARCH_PATHS = (
					"$(inherited)",
					"@executable_path/Frameworks",
				);
				MARKETING_VERSION = 1.0;
				PRODUCT_BUNDLE_IDENTIFIER = rafael.lopez.FPL;
				PRODUCT_NAME = "$(TARGET_NAME)";
				PROVISIONING_PROFILE_SPECIFIER = "";
				SWIFT_EMIT_LOC_STRINGS = YES;
				SWIFT_VERSION = 5.0;
				TARGETED_DEVICE_FAMILY = "1,2";
			};
			name = Release;
		};
		05DF9A882CD9C8BA00DEC1D4 /* Debug */ = {
			isa = XCBuildConfiguration;
			buildSettings = {
				BUNDLE_LOADER = "$(TEST_HOST)";
				CODE_SIGN_STYLE = Automatic;
				CURRENT_PROJECT_VERSION = 1;
				GENERATE_INFOPLIST_FILE = YES;
				IPHONEOS_DEPLOYMENT_TARGET = 18.0;
				MARKETING_VERSION = 1.0;
				PRODUCT_BUNDLE_IDENTIFIER = rafael.lopez.FPLTests;
				PRODUCT_NAME = "$(TARGET_NAME)";
				SWIFT_EMIT_LOC_STRINGS = NO;
				SWIFT_VERSION = 5.0;
				TARGETED_DEVICE_FAMILY = "1,2";
				TEST_HOST = "$(BUILT_PRODUCTS_DIR)/FPL.app/$(BUNDLE_EXECUTABLE_FOLDER_PATH)/FPL";
			};
			name = Debug;
		};
		05DF9A892CD9C8BA00DEC1D4 /* Release */ = {
			isa = XCBuildConfiguration;
			buildSettings = {
				BUNDLE_LOADER = "$(TEST_HOST)";
				CODE_SIGN_STYLE = Automatic;
				CURRENT_PROJECT_VERSION = 1;
				GENERATE_INFOPLIST_FILE = YES;
				IPHONEOS_DEPLOYMENT_TARGET = 18.0;
				MARKETING_VERSION = 1.0;
				PRODUCT_BUNDLE_IDENTIFIER = rafael.lopez.FPLTests;
				PRODUCT_NAME = "$(TARGET_NAME)";
				SWIFT_EMIT_LOC_STRINGS = NO;
				SWIFT_VERSION = 5.0;
				TARGETED_DEVICE_FAMILY = "1,2";
				TEST_HOST = "$(BUILT_PRODUCTS_DIR)/FPL.app/$(BUNDLE_EXECUTABLE_FOLDER_PATH)/FPL";
			};
			name = Release;
		};
		05DF9A8B2CD9C8BA00DEC1D4 /* Debug */ = {
			isa = XCBuildConfiguration;
			buildSettings = {
				CODE_SIGN_STYLE = Automatic;
				CURRENT_PROJECT_VERSION = 1;
				GENERATE_INFOPLIST_FILE = YES;
				MARKETING_VERSION = 1.0;
				PRODUCT_BUNDLE_IDENTIFIER = rafael.lopez.FPLUITests;
				PRODUCT_NAME = "$(TARGET_NAME)";
				SWIFT_EMIT_LOC_STRINGS = NO;
				SWIFT_VERSION = 5.0;
				TARGETED_DEVICE_FAMILY = "1,2";
				TEST_TARGET_NAME = FPL;
			};
			name = Debug;
		};
		05DF9A8C2CD9C8BA00DEC1D4 /* Release */ = {
			isa = XCBuildConfiguration;
			buildSettings = {
				CODE_SIGN_STYLE = Automatic;
				CURRENT_PROJECT_VERSION = 1;
				GENERATE_INFOPLIST_FILE = YES;
				MARKETING_VERSION = 1.0;
				PRODUCT_BUNDLE_IDENTIFIER = rafael.lopez.FPLUITests;
				PRODUCT_NAME = "$(TARGET_NAME)";
				SWIFT_EMIT_LOC_STRINGS = NO;
				SWIFT_VERSION = 5.0;
				TARGETED_DEVICE_FAMILY = "1,2";
				TEST_TARGET_NAME = FPL;
			};
			name = Release;
		};
/* End XCBuildConfiguration section */

/* Begin XCConfigurationList section */
		05DF9A5B2CD9C8B900DEC1D4 /* Build configuration list for PBXProject "FPL" */ = {
			isa = XCConfigurationList;
			buildConfigurations = (
				05DF9A822CD9C8BA00DEC1D4 /* Debug */,
				05DF9A832CD9C8BA00DEC1D4 /* Release */,
			);
			defaultConfigurationIsVisible = 0;
			defaultConfigurationName = Release;
		};
		05DF9A842CD9C8BA00DEC1D4 /* Build configuration list for PBXNativeTarget "FPL" */ = {
			isa = XCConfigurationList;
			buildConfigurations = (
				05DF9A852CD9C8BA00DEC1D4 /* Debug */,
				05DF9A862CD9C8BA00DEC1D4 /* Release */,
			);
			defaultConfigurationIsVisible = 0;
			defaultConfigurationName = Release;
		};
		05DF9A872CD9C8BA00DEC1D4 /* Build configuration list for PBXNativeTarget "FPLTests" */ = {
			isa = XCConfigurationList;
			buildConfigurations = (
				05DF9A882CD9C8BA00DEC1D4 /* Debug */,
				05DF9A892CD9C8BA00DEC1D4 /* Release */,
			);
			defaultConfigurationIsVisible = 0;
			defaultConfigurationName = Release;
		};
		05DF9A8A2CD9C8BA00DEC1D4 /* Build configuration list for PBXNativeTarget "FPLUITests" */ = {
			isa = XCConfigurationList;
			buildConfigurations = (
				05DF9A8B2CD9C8BA00DEC1D4 /* Debug */,
				05DF9A8C2CD9C8BA00DEC1D4 /* Release */,
			);
			defaultConfigurationIsVisible = 0;
			defaultConfigurationName = Release;
		};
/* End XCConfigurationList section */
	};
	rootObject = 05DF9A582CD9C8B900DEC1D4 /* Project object */;
}
